
Microsoft Visual Studio Solution File, Format Version 12.00
# Visual Studio Version 17
VisualStudioVersion = 17.6.33829.357
MinimumVisualStudioVersion = 10.0.40219.1
Project("{FAE04EC0-301F-11D3-BF4B-00C04F79EFBC}") = "LinkedList", "LinkedList\LinkedList.csproj", "{BB8593F3-777B-4204-80F9-09776C08FAC3}"
EndProject
Global
	GlobalSection(SolutionConfigurationPlatforms) = preSolution
		Debug|Any CPU = Debug|Any CPU
		Release|Any CPU = Release|Any CPU
	EndGlobalSection
	GlobalSection(ProjectConfigurationPlatforms) = postSolution
		{BB8593F3-777B-4204-80F9-09776C08FAC3}.Debug|Any CPU.ActiveCfg = Debug|Any CPU
		{BB8593F3-777B-4204-80F9-09776C08FAC3}.Debug|Any CPU.Build.0 = Debug|Any CPU
		{BB8593F3-777B-4204-80F9-09776C08FAC3}.Release|Any CPU.ActiveCfg = Release|Any CPU
		{BB8593F3-777B-4204-80F9-09776C08FAC3}.Release|Any CPU.Build.0 = Release|Any CPU
	EndGlobalSection
	GlobalSection(SolutionProperties) = preSolution
		HideSolutionNode = FALSE
	EndGlobalSection
	GlobalSection(ExtensibilityGlobals) = postSolution
		SolutionGuid = {5A5EDB5F-8F33-4D7C-A676-B2C115F32252}
	EndGlobalSection
EndGlobal
