
Microsoft Visual Studio Solution File, Format Version 12.00
# Visual Studio Version 17
VisualStudioVersion = 17.6.33829.357
MinimumVisualStudioVersion = 10.0.40219.1
Project("{FAE04EC0-301F-11D3-BF4B-00C04F79EFBC}") = "Dictionary2", "Dictionary2\Dictionary2.csproj", "{1C30417C-0309-47F3-9ED0-7B52EBF5E7AF}"
EndProject
Global
	GlobalSection(SolutionConfigurationPlatforms) = preSolution
		Debug|Any CPU = Debug|Any CPU
		Release|Any CPU = Release|Any CPU
	EndGlobalSection
	GlobalSection(ProjectConfigurationPlatforms) = postSolution
		{1C30417C-0309-47F3-9ED0-7B52EBF5E7AF}.Debug|Any CPU.ActiveCfg = Debug|Any CPU
		{1C30417C-0309-47F3-9ED0-7B52EBF5E7AF}.Debug|Any CPU.Build.0 = Debug|Any CPU
		{1C30417C-0309-47F3-9ED0-7B52EBF5E7AF}.Release|Any CPU.ActiveCfg = Release|Any CPU
		{1C30417C-0309-47F3-9ED0-7B52EBF5E7AF}.Release|Any CPU.Build.0 = Release|Any CPU
	EndGlobalSection
	GlobalSection(SolutionProperties) = preSolution
		HideSolutionNode = FALSE
	EndGlobalSection
	GlobalSection(ExtensibilityGlobals) = postSolution
		SolutionGuid = {23F75780-D261-4F77-8B5A-75831CC2E10E}
	EndGlobalSection
EndGlobal
