
Microsoft Visual Studio Solution File, Format Version 12.00
# Visual Studio Version 17
VisualStudioVersion = 17.6.33829.357
MinimumVisualStudioVersion = 10.0.40219.1
Project("{FAE04EC0-301F-11D3-BF4B-00C04F79EFBC}") = "Comparison", "Comparison\Comparison.csproj", "{2DAE229C-3DBD-4365-8611-74638BB58DF0}"
EndProject
Global
	GlobalSection(SolutionConfigurationPlatforms) = preSolution
		Debug|Any CPU = Debug|Any CPU
		Release|Any CPU = Release|Any CPU
	EndGlobalSection
	GlobalSection(ProjectConfigurationPlatforms) = postSolution
		{2DAE229C-3DBD-4365-8611-74638BB58DF0}.Debug|Any CPU.ActiveCfg = Debug|Any CPU
		{2DAE229C-3DBD-4365-8611-74638BB58DF0}.Debug|Any CPU.Build.0 = Debug|Any CPU
		{2DAE229C-3DBD-4365-8611-74638BB58DF0}.Release|Any CPU.ActiveCfg = Release|Any CPU
		{2DAE229C-3DBD-4365-8611-74638BB58DF0}.Release|Any CPU.Build.0 = Release|Any CPU
	EndGlobalSection
	GlobalSection(SolutionProperties) = preSolution
		HideSolutionNode = FALSE
	EndGlobalSection
	GlobalSection(ExtensibilityGlobals) = postSolution
		SolutionGuid = {3E94F453-DD66-44C4-93D0-1CF3085E563C}
	EndGlobalSection
EndGlobal
